<?xml version="1.0" encoding="utf-8"?>
<Project ToolsVersion="4.0" xmlns="http://schemas.microsoft.com/developer/msbuild/2003">
  <ItemGroup>
    <Filter Include="Source Files">
      <UniqueIdentifier>{4FC737F1-C7A5-4376-A066-2A32D752A2FF}</UniqueIdentifier>
      <Extensions>cpp;c;cc;cxx;c++;cppm;ixx;def;odl;idl;hpj;bat;asm;asmx</Extensions>
    </Filter>
    <Filter Include="Header Files">
      <UniqueIdentifier>{93995380-89BD-4b04-88EB-625FBE52EBFB}</UniqueIdentifier>
      <Extensions>h;hh;hpp;hxx;h++;hm;inl;inc;ipp;xsd</Extensions>
    </Filter>
    <Filter Include="Resource Files">
      <UniqueIdentifier>{67DA6AB6-F800-4c08-8B7A-83BB121AAD01}</UniqueIdentifier>
      <Extensions>rc;ico;cur;bmp;dlg;rc2;rct;bin;rgs;gif;jpg;jpeg;jpe;resx;tiff;tif;png;wav;mfcribbon-ms</Extensions>
    </Filter>
    <Filter Include="Source Files\Core">
      <UniqueIdentifier>{89ad9b9d-ad0c-41b4-8566-4d9406729b78}</UniqueIdentifier>
    </Filter>
    <Filter Include="Source Files\Core\Renderer">
      <UniqueIdentifier>{e78d44d3-2465-46a5-83ee-b66adf9840bf}</UniqueIdentifier>
    </Filter>
    <Filter Include="Header Files\MinityHeaders">
      <UniqueIdentifier>{dbdb39c0-95e4-416c-ac5b-50a33651bf33}</UniqueIdentifier>
    </Filter>
    <Filter Include="Header Files\Internal">
      <UniqueIdentifier>{4d635005-b6ca-4460-947f-1c4789fbbf2a}</UniqueIdentifier>
    </Filter>
    <Filter Include="Source Files\Shaders">
      <UniqueIdentifier>{48152665-e048-4f6b-9f8c-1d36a4337326}</UniqueIdentifier>
    </Filter>
  </ItemGroup>
  <ItemGroup>
    <ClInclude Include="Camera.h">
      <Filter>Header Files\MinityHeaders</Filter>
    </ClInclude>
    <ClInclude Include="Scene.h">
      <Filter>Header Files\MinityHeaders</Filter>
    </ClInclude>
    <ClInclude Include="Material.h">
      <Filter>Header Files\MinityHeaders</Filter>
    </ClInclude>
    <ClInclude Include="Mesh.h">
      <Filter>Header Files\MinityHeaders</Filter>
    </ClInclude>
    <ClInclude Include="MeshRenderer.h">
      <Filter>Header Files\MinityHeaders</Filter>
    </ClInclude>
    <ClInclude Include="MinityEngine.h">
      <Filter>Header Files\MinityHeaders</Filter>
    </ClInclude>
    <ClInclude Include="Renderer.h">
      <Filter>Header Files\MinityHeaders</Filter>
    </ClInclude>
    <ClInclude Include="Shader.h">
      <Filter>Header Files\MinityHeaders</Filter>
    </ClInclude>
    <ClInclude Include="InputSystem.h">
      <Filter>Header Files\MinityHeaders</Filter>
    </ClInclude>
    <ClInclude Include="framework.h">
      <Filter>Header Files\Internal</Filter>
    </ClInclude>
    <ClInclude Include="Unity_PluginAPI\IUnityEventQueue.h">
      <Filter>Header Files\Internal</Filter>
    </ClInclude>
    <ClInclude Include="Unity_PluginAPI\IUnityGraphics.h">
      <Filter>Header Files\Internal</Filter>
    </ClInclude>
    <ClInclude Include="Unity_PluginAPI\IUnityGraphicsD3D11.h">
      <Filter>Header Files\Internal</Filter>
    </ClInclude>
    <ClInclude Include="Unity_PluginAPI\IUnityGraphicsD3D12.h">
      <Filter>Header Files\Internal</Filter>
    </ClInclude>
    <ClInclude Include="Unity_PluginAPI\IUnityGraphicsMetal.h">
      <Filter>Header Files\Internal</Filter>
    </ClInclude>
    <ClInclude Include="Unity_PluginAPI\IUnityInterface.h">
      <Filter>Header Files\Internal</Filter>
    </ClInclude>
    <ClInclude Include="Unity_PluginAPI\IUnityProfilerCallbacks.h">
      <Filter>Header Files\Internal</Filter>
    </ClInclude>
    <ClInclude Include="Unity_PluginAPI\IUnityRenderingExtensions.h">
      <Filter>Header Files\Internal</Filter>
    </ClInclude>
    <ClInclude Include="Unity_PluginAPI\IUnityShaderCompilerAccess.h">
      <Filter>Header Files\Internal</Filter>
    </ClInclude>
    <ClInclude Include="pch.h">
      <Filter>Header Files\Internal</Filter>
    </ClInclude>
    <ClInclude Include="MyOBJParser.h">
      <Filter>Header Files</Filter>
    </ClInclude>
  </ItemGroup>
  <ItemGroup>
    <ClCompile Include="DebugCPP.cpp">
      <Filter>Source Files</Filter>
    </ClCompile>
    <ClCompile Include="InputSystem.cpp">
      <Filter>Source Files</Filter>
    </ClCompile>
    <ClCompile Include="pch.cpp">
      <Filter>Source Files</Filter>
    </ClCompile>
    <ClCompile Include="main.cpp">
      <Filter>Source Files\Core</Filter>
    </ClCompile>
    <ClCompile Include="Camera.cpp">
      <Filter>Source Files\Core</Filter>
    </ClCompile>
    <ClCompile Include="Renderer.cpp">
      <Filter>Source Files\Core\Renderer</Filter>
    </ClCompile>
    <ClCompile Include="Mesh.cpp">
      <Filter>Source Files\Core</Filter>
    </ClCompile>
    <ClCompile Include="Shader.cpp">
      <Filter>Source Files\Core</Filter>
    </ClCompile>
    <ClCompile Include="MeshRenderer.cpp">
      <Filter>Source Files\Core</Filter>
    </ClCompile>
    <ClCompile Include="Material.cpp">
      <Filter>Source Files</Filter>
    </ClCompile>
    <ClCompile Include="MinityEngine.cpp">
      <Filter>Source Files</Filter>
    </ClCompile>
    <ClCompile Include="Scene.cpp">
      <Filter>Source Files</Filter>
    </ClCompile>
    <ClCompile Include="DebugCPP.h">
      <Filter>Header Files\MinityHeaders</Filter>
    </ClCompile>
  </ItemGroup>
  <ItemGroup>
    <None Include="UnlitShader.shader">
      <Filter>Source Files\Shaders</Filter>
    </None>
  </ItemGroup>
</Project>